// !$*UTF8*$!
{
	archiveVersion = 1;
	classes = {
	};
	objectVersion = 56;
	objects = {

/* Begin PBXBuildFile section */
		36162F952C4788C0004BF017 /* SecondViewPresenter.swift in Sources */ = {isa = PBXBuildFile; fileRef = 36162F942C4788C0004BF017 /* SecondViewPresenter.swift */; };
		36162F972C478AB5004BF017 /* ThirdViewPresenter.swift in Sources */ = {isa = PBXBuildFile; fileRef = 36162F962C478AB5004BF017 /* ThirdViewPresenter.swift */; };
		36162F992C478BF9004BF017 /* FourthViewPresenter.swift in Sources */ = {isa = PBXBuildFile; fileRef = 36162F982C478BF9004BF017 /* FourthViewPresenter.swift */; };
		362868CF2C2FBDE00072ECB0 /* AppDelegate.swift in Sources */ = {isa = PBXBuildFile; fileRef = 362868CE2C2FBDE00072ECB0 /* AppDelegate.swift */; };
		362868D12C2FBDE00072ECB0 /* SceneDelegate.swift in Sources */ = {isa = PBXBuildFile; fileRef = 362868D02C2FBDE00072ECB0 /* SceneDelegate.swift */; };
		362868D32C2FBDE00072ECB0 /* ViewController.swift in Sources */ = {isa = PBXBuildFile; fileRef = 362868D22C2FBDE00072ECB0 /* ViewController.swift */; };
		362868D62C2FBDE00072ECB0 /* Main.storyboard in Resources */ = {isa = PBXBuildFile; fileRef = 362868D42C2FBDE00072ECB0 /* Main.storyboard */; };
		362868D82C2FBDE10072ECB0 /* Assets.xcassets in Resources */ = {isa = PBXBuildFile; fileRef = 362868D72C2FBDE10072ECB0 /* Assets.xcassets */; };
		362868DB2C2FBDE10072ECB0 /* LaunchScreen.storyboard in Resources */ = {isa = PBXBuildFile; fileRef = 362868D92C2FBDE10072ECB0 /* LaunchScreen.storyboard */; };
		362868E32C2FC1080072ECB0 /* FirstViewController.swift in Sources */ = {isa = PBXBuildFile; fileRef = 362868E22C2FC1080072ECB0 /* FirstViewController.swift */; };
		362868E52C2FC12D0072ECB0 /* SecondViewController.swift in Sources */ = {isa = PBXBuildFile; fileRef = 362868E42C2FC12D0072ECB0 /* SecondViewController.swift */; };
		362868E72C2FC1490072ECB0 /* ThirdViewController.swift in Sources */ = {isa = PBXBuildFile; fileRef = 362868E62C2FC1490072ECB0 /* ThirdViewController.swift */; };
		362868E92C2FC1690072ECB0 /* FourthViewController.swift in Sources */ = {isa = PBXBuildFile; fileRef = 362868E82C2FC1690072ECB0 /* FourthViewController.swift */; };
		362868EB2C2FC4AF0072ECB0 /* Manager.swift in Sources */ = {isa = PBXBuildFile; fileRef = 362868EA2C2FC4AF0072ECB0 /* Manager.swift */; };
		362FE57E2C32804A002F70D9 /* FirstViewPresenter.swift in Sources */ = {isa = PBXBuildFile; fileRef = 362FE57D2C32804A002F70D9 /* FirstViewPresenter.swift */; };
		3671BFB22C32670100D0FEC0 /* AppConstants.swift in Sources */ = {isa = PBXBuildFile; fileRef = 3671BFB12C32670100D0FEC0 /* AppConstants.swift */; };
/* End PBXBuildFile section */

/* Begin PBXFileReference section */
		36162F942C4788C0004BF017 /* SecondViewPresenter.swift */ = {isa = PBXFileReference; lastKnownFileType = sourcecode.swift; path = SecondViewPresenter.swift; sourceTree = "<group>"; };
		36162F962C478AB5004BF017 /* ThirdViewPresenter.swift */ = {isa = PBXFileReference; lastKnownFileType = sourcecode.swift; path = ThirdViewPresenter.swift; sourceTree = "<group>"; };
		36162F982C478BF9004BF017 /* FourthViewPresenter.swift */ = {isa = PBXFileReference; lastKnownFileType = sourcecode.swift; path = FourthViewPresenter.swift; sourceTree = "<group>"; };
		362868CB2C2FBDE00072ECB0 /* NotificationCenterSample2.app */ = {isa = PBXFileReference; explicitFileType = wrapper.application; includeInIndex = 0; path = NotificationCenterSample2.app; sourceTree = BUILT_PRODUCTS_DIR; };
		362868CE2C2FBDE00072ECB0 /* AppDelegate.swift */ = {isa = PBXFileReference; lastKnownFileType = sourcecode.swift; path = AppDelegate.swift; sourceTree = "<group>"; };
		362868D02C2FBDE00072ECB0 /* SceneDelegate.swift */ = {isa = PBXFileReference; lastKnownFileType = sourcecode.swift; path = SceneDelegate.swift; sourceTree = "<group>"; };
		362868D22C2FBDE00072ECB0 /* ViewController.swift */ = {isa = PBXFileReference; lastKnownFileType = sourcecode.swift; path = ViewController.swift; sourceTree = "<group>"; };
		362868D52C2FBDE00072ECB0 /* Base */ = {isa = PBXFileReference; lastKnownFileType = file.storyboard; name = Base; path = Base.lproj/Main.storyboard; sourceTree = "<group>"; };
		362868D72C2FBDE10072ECB0 /* Assets.xcassets */ = {isa = PBXFileReference; lastKnownFileType = folder.assetcatalog; path = Assets.xcassets; sourceTree = "<group>"; };
		362868DA2C2FBDE10072ECB0 /* Base */ = {isa = PBXFileReference; lastKnownFileType = file.storyboard; name = Base; path = Base.lproj/LaunchScreen.storyboard; sourceTree = "<group>"; };
		362868DC2C2FBDE10072ECB0 /* Info.plist */ = {isa = PBXFileReference; lastKnownFileType = text.plist.xml; path = Info.plist; sourceTree = "<group>"; };
		362868E22C2FC1080072ECB0 /* FirstViewController.swift */ = {isa = PBXFileReference; lastKnownFileType = sourcecode.swift; path = FirstViewController.swift; sourceTree = "<group>"; };
		362868E42C2FC12D0072ECB0 /* SecondViewController.swift */ = {isa = PBXFileReference; lastKnownFileType = sourcecode.swift; path = SecondViewController.swift; sourceTree = "<group>"; };
		362868E62C2FC1490072ECB0 /* ThirdViewController.swift */ = {isa = PBXFileReference; lastKnownFileType = sourcecode.swift; path = ThirdViewController.swift; sourceTree = "<group>"; };
		362868E82C2FC1690072ECB0 /* FourthViewController.swift */ = {isa = PBXFileReference; lastKnownFileType = sourcecode.swift; path = FourthViewController.swift; sourceTree = "<group>"; };
		362868EA2C2FC4AF0072ECB0 /* Manager.swift */ = {isa = PBXFileReference; lastKnownFileType = sourcecode.swift; path = Manager.swift; sourceTree = "<group>"; };
		362FE57D2C32804A002F70D9 /* FirstViewPresenter.swift */ = {isa = PBXFileReference; lastKnownFileType = sourcecode.swift; path = FirstViewPresenter.swift; sourceTree = "<group>"; };
		3671BFB12C32670100D0FEC0 /* AppConstants.swift */ = {isa = PBXFileReference; lastKnownFileType = sourcecode.swift; path = AppConstants.swift; sourceTree = "<group>"; };
/* End PBXFileReference section */

/* Begin PBXFrameworksBuildPhase section */
		362868C82C2FBDE00072ECB0 /* Frameworks */ = {
			isa = PBXFrameworksBuildPhase;
			buildActionMask = 2147483647;
			files = (
			);
			runOnlyForDeploymentPostprocessing = 0;
		};
/* End PBXFrameworksBuildPhase section */

/* Begin PBXGroup section */
		362868C22C2FBDE00072ECB0 = {
			isa = PBXGroup;
			children = (
				362868CD2C2FBDE00072ECB0 /* NotificationCenterSample2 */,
				362868CC2C2FBDE00072ECB0 /* Products */,
			);
			sourceTree = "<group>";
		};
		362868CC2C2FBDE00072ECB0 /* Products */ = {
			isa = PBXGroup;
			children = (
				362868CB2C2FBDE00072ECB0 /* NotificationCenterSample2.app */,
			);
			name = Products;
			sourceTree = "<group>";
		};
		362868CD2C2FBDE00072ECB0 /* NotificationCenterSample2 */ = {
			isa = PBXGroup;
			children = (
				362868CE2C2FBDE00072ECB0 /* AppDelegate.swift */,
				362868D02C2FBDE00072ECB0 /* SceneDelegate.swift */,
				362868D22C2FBDE00072ECB0 /* ViewController.swift */,
				3671BFB12C32670100D0FEC0 /* AppConstants.swift */,
				362868E42C2FC12D0072ECB0 /* SecondViewController.swift */,
				362868EA2C2FC4AF0072ECB0 /* Manager.swift */,
				362FE57D2C32804A002F70D9 /* FirstViewPresenter.swift */,
				362868E62C2FC1490072ECB0 /* ThirdViewController.swift */,
				36162F982C478BF9004BF017 /* FourthViewPresenter.swift */,
				36162F962C478AB5004BF017 /* ThirdViewPresenter.swift */,
				36162F942C4788C0004BF017 /* SecondViewPresenter.swift */,
				362868E82C2FC1690072ECB0 /* FourthViewController.swift */,
				362868E22C2FC1080072ECB0 /* FirstViewController.swift */,
				362868D42C2FBDE00072ECB0 /* Main.storyboard */,
				362868D72C2FBDE10072ECB0 /* Assets.xcassets */,
				362868D92C2FBDE10072ECB0 /* LaunchScreen.storyboard */,
				362868DC2C2FBDE10072ECB0 /* Info.plist */,
			);
			path = NotificationCenterSample2;
			sourceTree = "<group>";
		};
/* End PBXGroup section */

/* Begin PBXNativeTarget section */
		362868CA2C2FBDE00072ECB0 /* NotificationCenterSample2 */ = {
			isa = PBXNativeTarget;
			buildConfigurationList = 362868DF2C2FBDE10072ECB0 /* Build configuration list for PBXNativeTarget "NotificationCenterSample2" */;
			buildPhases = (
				362868C72C2FBDE00072ECB0 /* Sources */,
				362868C82C2FBDE00072ECB0 /* Frameworks */,
				362868C92C2FBDE00072ECB0 /* Resources */,
			);
			buildRules = (
			);
			dependencies = (
			);
			name = NotificationCenterSample2;
			productName = NotificationCenterSample2;
			productReference = 362868CB2C2FBDE00072ECB0 /* NotificationCenterSample2.app */;
			productType = "com.apple.product-type.application";
		};
/* End PBXNativeTarget section */

/* Begin PBXProject section */
		362868C32C2FBDE00072ECB0 /* Project object */ = {
			isa = PBXProject;
			attributes = {
				BuildIndependentTargetsInParallel = 1;
				LastSwiftUpdateCheck = 1420;
				LastUpgradeCheck = 1420;
				TargetAttributes = {
					362868CA2C2FBDE00072ECB0 = {
						CreatedOnToolsVersion = 14.2;
					};
				};
			};
			buildConfigurationList = 362868C62C2FBDE00072ECB0 /* Build configuration list for PBXProject "NotificationCenterSample2" */;
			compatibilityVersion = "Xcode 14.0";
			developmentRegion = en;
			hasScannedForEncodings = 0;
			knownRegions = (
				en,
				Base,
			);
			mainGroup = 362868C22C2FBDE00072ECB0;
			productRefGroup = 362868CC2C2FBDE00072ECB0 /* Products */;
			projectDirPath = "";
			projectRoot = "";
			targets = (
				362868CA2C2FBDE00072ECB0 /* NotificationCenterSample2 */,
			);
		};
/* End PBXProject section */

/* Begin PBXResourcesBuildPhase section */
		362868C92C2FBDE00072ECB0 /* Resources */ = {
			isa = PBXResourcesBuildPhase;
			buildActionMask = 2147483647;
			files = (
				362868DB2C2FBDE10072ECB0 /* LaunchScreen.storyboard in Resources */,
				362868D82C2FBDE10072ECB0 /* Assets.xcassets in Resources */,
				362868D62C2FBDE00072ECB0 /* Main.storyboard in Resources */,
			);
			runOnlyForDeploymentPostprocessing = 0;
		};
/* End PBXResourcesBuildPhase section */

/* Begin PBXSourcesBuildPhase section */
		362868C72C2FBDE00072ECB0 /* Sources */ = {
			isa = PBXSourcesBuildPhase;
			buildActionMask = 2147483647;
			files = (
				36162F952C4788C0004BF017 /* SecondViewPresenter.swift in Sources */,
				362868D32C2FBDE00072ECB0 /* ViewController.swift in Sources */,
				3671BFB22C32670100D0FEC0 /* AppConstants.swift in Sources */,
				362868CF2C2FBDE00072ECB0 /* AppDelegate.swift in Sources */,
				362868D12C2FBDE00072ECB0 /* SceneDelegate.swift in Sources */,
				362868EB2C2FC4AF0072ECB0 /* Manager.swift in Sources */,
				362868E92C2FC1690072ECB0 /* FourthViewController.swift in Sources */,
				36162F992C478BF9004BF017 /* FourthViewPresenter.swift in Sources */,
				362868E52C2FC12D0072ECB0 /* SecondViewController.swift in Sources */,
				362868E72C2FC1490072ECB0 /* ThirdViewController.swift in Sources */,
				36162F972C478AB5004BF017 /* ThirdViewPresenter.swift in Sources */,
				362FE57E2C32804A002F70D9 /* FirstViewPresenter.swift in Sources */,
				362868E32C2FC1080072ECB0 /* FirstViewController.swift in Sources */,
			);
			runOnlyForDeploymentPostprocessing = 0;
		};
/* End PBXSourcesBuildPhase section */

/* Begin PBXVariantGroup section */
		362868D42C2FBDE00072ECB0 /* Main.storyboard */ = {
			isa = PBXVariantGroup;
			children = (
				362868D52C2FBDE00072ECB0 /* Base */,
			);
			name = Main.storyboard;
			sourceTree = "<group>";
		};
		362868D92C2FBDE10072ECB0 /* LaunchScreen.storyboard */ = {
			isa = PBXVariantGroup;
			children = (
				362868DA2C2FBDE10072ECB0 /* Base */,
			);
			name = LaunchScreen.storyboard;
			sourceTree = "<group>";
		};
/* End PBXVariantGroup section */

/* Begin XCBuildConfiguration section */
		362868DD2C2FBDE10072ECB0 /* Debug */ = {
			isa = XCBuildConfiguration;
			buildSettings = {
				ALWAYS_SEARCH_USER_PATHS = NO;
				CLANG_ANALYZER_NONNULL = YES;
				CLANG_ANALYZER_NUMBER_OBJECT_CONVERSION = YES_AGGRESSIVE;
				CLANG_CXX_LANGUAGE_STANDARD = "gnu++20";
				CLANG_ENABLE_MODULES = YES;
				CLANG_ENABLE_OBJC_ARC = YES;
				CLANG_ENABLE_OBJC_WEAK = YES;
				CLANG_WARN_BLOCK_CAPTURE_AUTORELEASING = YES;
				CLANG_WARN_BOOL_CONVERSION = YES;
				CLANG_WARN_COMMA = YES;
				CLANG_WARN_CONSTANT_CONVERSION = YES;
				CLANG_WARN_DEPRECATED_OBJC_IMPLEMENTATIONS = YES;
				CLANG_WARN_DIRECT_OBJC_ISA_USAGE = YES_ERROR;
				CLANG_WARN_DOCUMENTATION_COMMENTS = YES;
				CLANG_WARN_EMPTY_BODY = YES;
				CLANG_WARN_ENUM_CONVERSION = YES;
				CLANG_WARN_INFINITE_RECURSION = YES;
				CLANG_WARN_INT_CONVERSION = YES;
				CLANG_WARN_NON_LITERAL_NULL_CONVERSION = YES;
				CLANG_WARN_OBJC_IMPLICIT_RETAIN_SELF = YES;
				CLANG_WARN_OBJC_LITERAL_CONVERSION = YES;
				CLANG_WARN_OBJC_ROOT_CLASS = YES_ERROR;
				CLANG_WARN_QUOTED_INCLUDE_IN_FRAMEWORK_HEADER = YES;
				CLANG_WARN_RANGE_LOOP_ANALYSIS = YES;
				CLANG_WARN_STRICT_PROTOTYPES = YES;
				CLANG_WARN_SUSPICIOUS_MOVE = YES;
				CLANG_WARN_UNGUARDED_AVAILABILITY = YES_AGGRESSIVE;
				CLANG_WARN_UNREACHABLE_CODE = YES;
				CLANG_WARN__DUPLICATE_METHOD_MATCH = YES;
				COPY_PHASE_STRIP = NO;
				DEBUG_INFORMATION_FORMAT = dwarf;
				ENABLE_STRICT_OBJC_MSGSEND = YES;
				ENABLE_TESTABILITY = YES;
				GCC_C_LANGUAGE_STANDARD = gnu11;
				GCC_DYNAMIC_NO_PIC = NO;
				GCC_NO_COMMON_BLOCKS = YES;
				GCC_OPTIMIZATION_LEVEL = 0;
				GCC_PREPROCESSOR_DEFINITIONS = (
					"DEBUG=1",
					"$(inherited)",
				);
				GCC_WARN_64_TO_32_BIT_CONVERSION = YES;
				GCC_WARN_ABOUT_RETURN_TYPE = YES_ERROR;
				GCC_WARN_UNDECLARED_SELECTOR = YES;
				GCC_WARN_UNINITIALIZED_AUTOS = YES_AGGRESSIVE;
				GCC_WARN_UNUSED_FUNCTION = YES;
				GCC_WARN_UNUSED_VARIABLE = YES;
				IPHONEOS_DEPLOYMENT_TARGET = 16.2;
				MTL_ENABLE_DEBUG_INFO = INCLUDE_SOURCE;
				MTL_FAST_MATH = YES;
				ONLY_ACTIVE_ARCH = YES;
				SDKROOT = iphoneos;
				SWIFT_ACTIVE_COMPILATION_CONDITIONS = DEBUG;
				SWIFT_OPTIMIZATION_LEVEL = "-Onone";
			};
			name = Debug;
		};
		362868DE2C2FBDE10072ECB0 /* Release */ = {
			isa = XCBuildConfiguration;
			buildSettings = {
				ALWAYS_SEARCH_USER_PATHS = NO;
				CLANG_ANALYZER_NONNULL = YES;
				CLANG_ANALYZER_NUMBER_OBJECT_CONVERSION = YES_AGGRESSIVE;
				CLANG_CXX_LANGUAGE_STANDARD = "gnu++20";
				CLANG_ENABLE_MODULES = YES;
				CLANG_ENABLE_OBJC_ARC = YES;
				CLANG_ENABLE_OBJC_WEAK = YES;
				CLANG_WARN_BLOCK_CAPTURE_AUTORELEASING = YES;
				CLANG_WARN_BOOL_CONVERSION = YES;
				CLANG_WARN_COMMA = YES;
				CLANG_WARN_CONSTANT_CONVERSION = YES;
				CLANG_WARN_DEPRECATED_OBJC_IMPLEMENTATIONS = YES;
				CLANG_WARN_DIRECT_OBJC_ISA_USAGE = YES_ERROR;
				CLANG_WARN_DOCUMENTATION_COMMENTS = YES;
				CLANG_WARN_EMPTY_BODY = YES;
				CLANG_WARN_ENUM_CONVERSION = YES;
				CLANG_WARN_INFINITE_RECURSION = YES;
				CLANG_WARN_INT_CONVERSION = YES;
				CLANG_WARN_NON_LITERAL_NULL_CONVERSION = YES;
				CLANG_WARN_OBJC_IMPLICIT_RETAIN_SELF = YES;
				CLANG_WARN_OBJC_LITERAL_CONVERSION = YES;
				CLANG_WARN_OBJC_ROOT_CLASS = YES_ERROR;
				CLANG_WARN_QUOTED_INCLUDE_IN_FRAMEWORK_HEADER = YES;
				CLANG_WARN_RANGE_LOOP_ANALYSIS = YES;
				CLANG_WARN_STRICT_PROTOTYPES = YES;
				CLANG_WARN_SUSPICIOUS_MOVE = YES;
				CLANG_WARN_UNGUARDED_AVAILABILITY = YES_AGGRESSIVE;
				CLANG_WARN_UNREACHABLE_CODE = YES;
				CLANG_WARN__DUPLICATE_METHOD_MATCH = YES;
				COPY_PHASE_STRIP = NO;
				DEBUG_INFORMATION_FORMAT = "dwarf-with-dsym";
				ENABLE_NS_ASSERTIONS = NO;
				ENABLE_STRICT_OBJC_MSGSEND = YES;
				GCC_C_LANGUAGE_STANDARD = gnu11;
				GCC_NO_COMMON_BLOCKS = YES;
				GCC_WARN_64_TO_32_BIT_CONVERSION = YES;
				GCC_WARN_ABOUT_RETURN_TYPE = YES_ERROR;
				GCC_WARN_UNDECLARED_SELECTOR = YES;
				GCC_WARN_UNINITIALIZED_AUTOS = YES_AGGRESSIVE;
				GCC_WARN_UNUSED_FUNCTION = YES;
				GCC_WARN_UNUSED_VARIABLE = YES;
				IPHONEOS_DEPLOYMENT_TARGET = 16.2;
				MTL_ENABLE_DEBUG_INFO = NO;
				MTL_FAST_MATH = YES;
				SDKROOT = iphoneos;
				SWIFT_COMPILATION_MODE = wholemodule;
				SWIFT_OPTIMIZATION_LEVEL = "-O";
				VALIDATE_PRODUCT = YES;
			};
			name = Release;
		};
		362868E02C2FBDE10072ECB0 /* Debug */ = {
			isa = XCBuildConfiguration;
			buildSettings = {
				ASSETCATALOG_COMPILER_APPICON_NAME = AppIcon;
				ASSETCATALOG_COMPILER_GLOBAL_ACCENT_COLOR_NAME = AccentColor;
				CODE_SIGN_STYLE = Automatic;
				CURRENT_PROJECT_VERSION = 1;
				DEVELOPMENT_TEAM = LRAYHCZPKF;
				GENERATE_INFOPLIST_FILE = YES;
				INFOPLIST_FILE = NotificationCenterSample2/Info.plist;
				INFOPLIST_KEY_UIApplicationSupportsIndirectInputEvents = YES;
				INFOPLIST_KEY_UILaunchStoryboardName = LaunchScreen;
				INFOPLIST_KEY_UIMainStoryboardFile = Main;
				INFOPLIST_KEY_UISupportedInterfaceOrientations_iPad = "UIInterfaceOrientationPortrait UIInterfaceOrientationPortraitUpsideDown UIInterfaceOrientationLandscapeLeft UIInterfaceOrientationLandscapeRight";
				INFOPLIST_KEY_UISupportedInterfaceOrientations_iPhone = "UIInterfaceOrientationPortrait UIInterfaceOrientationLandscapeLeft UIInterfaceOrientationLandscapeRight";
				LD_RUNPATH_SEARCH_PATHS = (
					"$(inherited)",
					"@executable_path/Frameworks",
				);
				MARKETING_VERSION = 1.0;
				PRODUCT_BUNDLE_IDENTIFIER = testExample.NotificationCenterSample2;
				PRODUCT_NAME = "$(TARGET_NAME)";
				SWIFT_EMIT_LOC_STRINGS = YES;
				SWIFT_VERSION = 5.0;
				TARGETED_DEVICE_FAMILY = "1,2";
			};
			name = Debug;
		};
		362868E12C2FBDE10072ECB0 /* Release */ = {
			isa = XCBuildConfiguration;
			buildSettings = {
				ASSETCATALOG_COMPILER_APPICON_NAME = AppIcon;
				ASSETCATALOG_COMPILER_GLOBAL_ACCENT_COLOR_NAME = AccentColor;
				CODE_SIGN_STYLE = Automatic;
				CURRENT_PROJECT_VERSION = 1;
				DEVELOPMENT_TEAM = LRAYHCZPKF;
				GENERATE_INFOPLIST_FILE = YES;
				INFOPLIST_FILE = NotificationCenterSample2/Info.plist;
				INFOPLIST_KEY_UIApplicationSupportsIndirectInputEvents = YES;
				INFOPLIST_KEY_UILaunchStoryboardName = LaunchScreen;
				INFOPLIST_KEY_UIMainStoryboardFile = Main;
				INFOPLIST_KEY_UISupportedInterfaceOrientations_iPad = "UIInterfaceOrientationPortrait UIInterfaceOrientationPortraitUpsideDown UIInterfaceOrientationLandscapeLeft UIInterfaceOrientationLandscapeRight";
				INFOPLIST_KEY_UISupportedInterfaceOrientations_iPhone = "UIInterfaceOrientationPortrait UIInterfaceOrientationLandscapeLeft UIInterfaceOrientationLandscapeRight";
				LD_RUNPATH_SEARCH_PATHS = (
					"$(inherited)",
					"@executable_path/Frameworks",
				);
				MARKETING_VERSION = 1.0;
				PRODUCT_BUNDLE_IDENTIFIER = testExample.NotificationCenterSample2;
				PRODUCT_NAME = "$(TARGET_NAME)";
				SWIFT_EMIT_LOC_STRINGS = YES;
				SWIFT_VERSION = 5.0;
				TARGETED_DEVICE_FAMILY = "1,2";
			};
			name = Release;
		};
/* End XCBuildConfiguration section */

/* Begin XCConfigurationList section */
		362868C62C2FBDE00072ECB0 /* Build configuration list for PBXProject "NotificationCenterSample2" */ = {
			isa = XCConfigurationList;
			buildConfigurations = (
				362868DD2C2FBDE10072ECB0 /* Debug */,
				362868DE2C2FBDE10072ECB0 /* Release */,
			);
			defaultConfigurationIsVisible = 0;
			defaultConfigurationName = Release;
		};
		362868DF2C2FBDE10072ECB0 /* Build configuration list for PBXNativeTarget "NotificationCenterSample2" */ = {
			isa = XCConfigurationList;
			buildConfigurations = (
				362868E02C2FBDE10072ECB0 /* Debug */,
				362868E12C2FBDE10072ECB0 /* Release */,
			);
			defaultConfigurationIsVisible = 0;
			defaultConfigurationName = Release;
		};
/* End XCConfigurationList section */
	};
	rootObject = 362868C32C2FBDE00072ECB0 /* Project object */;
}
